
Microsoft Visual Studio Solution File, Format Version 12.00
# Visual Studio Version 17
VisualStudioVersion = 17.4.33205.214
MinimumVisualStudioVersion = 10.0.40219.1
Project("{9A19103F-16F7-4668-BE54-9A1E7A4F7556}") = "HalkBank-Examples", "HalkBank-Examples\HalkBank-Examples.csproj", "{428C155A-3D33-44F1-8558-E8DAD4578492}"
EndProject
Project("{9A19103F-16F7-4668-BE54-9A1E7A4F7556}") = "01_Intro", "01_Intro\01_Intro.csproj", "{BCCC9390-7877-4C50-B796-E2DE10B9DC14}"
EndProject
Project("{9A19103F-16F7-4668-BE54-9A1E7A4F7556}") = "02_Operatorler", "02_Operatorler\02_Operatorler.csproj", "{8D47A2B9-9315-4C96-AD85-8E6BDF7C9548}"
EndProject
Project("{9A19103F-16F7-4668-BE54-9A1E7A4F7556}") = "03_Donusturmeler", "03_Donusturmeler\03_Donusturmeler.csproj", "{88046CDC-0288-49AC-AEE1-3D59BDBC79A9}"
EndProject
Project("{9A19103F-16F7-4668-BE54-9A1E7A4F7556}") = "04_KullaniciIslemleri", "04_KullaniciIslemleri\04_KullaniciIslemleri.csproj", "{DD7565DF-9E6F-464F-B713-FC0A19B204CD}"
EndProject
Project("{9A19103F-16F7-4668-BE54-9A1E7A4F7556}") = "05_KosulluIfadeler", "05_KosulluIfadeler\05_KosulluIfadeler.csproj", "{2A51DE93-FFBF-4E52-98D3-07BC21BA53E3}"
EndProject
Project("{9A19103F-16F7-4668-BE54-9A1E7A4F7556}") = "06_HataYonetimi", "06_HataYonetimi\06_HataYonetimi.csproj", "{61B03644-502C-4B5E-BA9A-F8D7E55A860B}"
EndProject
Project("{9A19103F-16F7-4668-BE54-9A1E7A4F7556}") = "07_Donguler", "07_Donguler\07_Donguler.csproj", "{E6B7DCC9-DEA1-4011-8B45-564537494283}"
EndProject
Project("{9A19103F-16F7-4668-BE54-9A1E7A4F7556}") = "08_HazirFonksiyonlar", "08_HazirFonksiyonlar\08_HazirFonksiyonlar.csproj", "{34DC95A4-B081-47FA-8F0E-3A71FCB45E38}"
EndProject
Project("{FAE04EC0-301F-11D3-BF4B-00C04F79EFBC}") = "09_Koleksiyonlar", "09_Koleksiyonlar\09_Koleksiyonlar.csproj", "{D2D886DC-8236-47E8-925D-93855A4F73C0}"
EndProject
Project("{FAE04EC0-301F-11D3-BF4B-00C04F79EFBC}") = "10_DegerReferansTip", "10_DegerReferansTip\10_DegerReferansTip.csproj", "{F93E6D3F-95C7-4E63-BE89-0AD81E8A2E7C}"
EndProject
Project("{FAE04EC0-301F-11D3-BF4B-00C04F79EFBC}") = "11_Metotlar", "11_Metotlar\11_Metotlar.csproj", "{94ABF298-C26C-4642-99D8-B466C4B0A471}"
EndProject
Project("{FAE04EC0-301F-11D3-BF4B-00C04F79EFBC}") = "12_MasaustuUygulama", "12_MasaustuUygulama\12_MasaustuUygulama.csproj", "{F9ED826A-3FC3-44B4-83CE-5D6B3CA6E59E}"
EndProject
Project("{FAE04EC0-301F-11D3-BF4B-00C04F79EFBC}") = "13_OOPGiris", "13_OOPGiris\13_OOPGiris.csproj", "{CD309E04-3C4D-45AA-B711-9729FB61DF4B}"
EndProject
Project("{FAE04EC0-301F-11D3-BF4B-00C04F79EFBC}") = "14_OOPConstructor", "14_OOPConstructor\14_OOPConstructor.csproj", "{8B05A352-4658-4EF7-AAF7-79AA7AA20CB7}"
EndProject
Project("{FAE04EC0-301F-11D3-BF4B-00C04F79EFBC}") = "15_StructYapilar", "15_StructYapilar\15_StructYapilar.csproj", "{ED6E3198-1EC1-460A-BE60-B4B64566394B}"
EndProject
Project("{FAE04EC0-301F-11D3-BF4B-00C04F79EFBC}") = "16_StaticYapilar", "16_StaticYapilar\16_StaticYapilar.csproj", "{2902B7F9-787C-4B23-930E-151CDFEEAD69}"
EndProject
Project("{FAE04EC0-301F-11D3-BF4B-00C04F79EFBC}") = "18_Inheritance", "18_Inheritance\18_Inheritance.csproj", "{728C845A-1EA2-42B7-A316-D26FB580256C}"
EndProject
Project("{FAE04EC0-301F-11D3-BF4B-00C04F79EFBC}") = "17_EnumSabitleri", "17_EnumSabitleri\17_EnumSabitleri.csproj", "{F0982F66-B0DE-46F5-AE9D-4AED9CC1CA7B}"
EndProject
Global
	GlobalSection(SolutionConfigurationPlatforms) = preSolution
		Debug|Any CPU = Debug|Any CPU
		Release|Any CPU = Release|Any CPU
	EndGlobalSection
	GlobalSection(ProjectConfigurationPlatforms) = postSolution
		{428C155A-3D33-44F1-8558-E8DAD4578492}.Debug|Any CPU.ActiveCfg = Debug|Any CPU
		{428C155A-3D33-44F1-8558-E8DAD4578492}.Debug|Any CPU.Build.0 = Debug|Any CPU
		{428C155A-3D33-44F1-8558-E8DAD4578492}.Release|Any CPU.ActiveCfg = Release|Any CPU
		{428C155A-3D33-44F1-8558-E8DAD4578492}.Release|Any CPU.Build.0 = Release|Any CPU
		{BCCC9390-7877-4C50-B796-E2DE10B9DC14}.Debug|Any CPU.ActiveCfg = Debug|Any CPU
		{BCCC9390-7877-4C50-B796-E2DE10B9DC14}.Debug|Any CPU.Build.0 = Debug|Any CPU
		{BCCC9390-7877-4C50-B796-E2DE10B9DC14}.Release|Any CPU.ActiveCfg = Release|Any CPU
		{BCCC9390-7877-4C50-B796-E2DE10B9DC14}.Release|Any CPU.Build.0 = Release|Any CPU
		{8D47A2B9-9315-4C96-AD85-8E6BDF7C9548}.Debug|Any CPU.ActiveCfg = Debug|Any CPU
		{8D47A2B9-9315-4C96-AD85-8E6BDF7C9548}.Debug|Any CPU.Build.0 = Debug|Any CPU
		{8D47A2B9-9315-4C96-AD85-8E6BDF7C9548}.Release|Any CPU.ActiveCfg = Release|Any CPU
		{8D47A2B9-9315-4C96-AD85-8E6BDF7C9548}.Release|Any CPU.Build.0 = Release|Any CPU
		{88046CDC-0288-49AC-AEE1-3D59BDBC79A9}.Debug|Any CPU.ActiveCfg = Debug|Any CPU
		{88046CDC-0288-49AC-AEE1-3D59BDBC79A9}.Debug|Any CPU.Build.0 = Debug|Any CPU
		{88046CDC-0288-49AC-AEE1-3D59BDBC79A9}.Release|Any CPU.ActiveCfg = Release|Any CPU
		{88046CDC-0288-49AC-AEE1-3D59BDBC79A9}.Release|Any CPU.Build.0 = Release|Any CPU
		{DD7565DF-9E6F-464F-B713-FC0A19B204CD}.Debug|Any CPU.ActiveCfg = Debug|Any CPU
		{DD7565DF-9E6F-464F-B713-FC0A19B204CD}.Debug|Any CPU.Build.0 = Debug|Any CPU
		{DD7565DF-9E6F-464F-B713-FC0A19B204CD}.Release|Any CPU.ActiveCfg = Release|Any CPU
		{DD7565DF-9E6F-464F-B713-FC0A19B204CD}.Release|Any CPU.Build.0 = Release|Any CPU
		{2A51DE93-FFBF-4E52-98D3-07BC21BA53E3}.Debug|Any CPU.ActiveCfg = Debug|Any CPU
		{2A51DE93-FFBF-4E52-98D3-07BC21BA53E3}.Debug|Any CPU.Build.0 = Debug|Any CPU
		{2A51DE93-FFBF-4E52-98D3-07BC21BA53E3}.Release|Any CPU.ActiveCfg = Release|Any CPU
		{2A51DE93-FFBF-4E52-98D3-07BC21BA53E3}.Release|Any CPU.Build.0 = Release|Any CPU
		{61B03644-502C-4B5E-BA9A-F8D7E55A860B}.Debug|Any CPU.ActiveCfg = Debug|Any CPU
		{61B03644-502C-4B5E-BA9A-F8D7E55A860B}.Debug|Any CPU.Build.0 = Debug|Any CPU
		{61B03644-502C-4B5E-BA9A-F8D7E55A860B}.Release|Any CPU.ActiveCfg = Release|Any CPU
		{61B03644-502C-4B5E-BA9A-F8D7E55A860B}.Release|Any CPU.Build.0 = Release|Any CPU
		{E6B7DCC9-DEA1-4011-8B45-564537494283}.Debug|Any CPU.ActiveCfg = Debug|Any CPU
		{E6B7DCC9-DEA1-4011-8B45-564537494283}.Debug|Any CPU.Build.0 = Debug|Any CPU
		{E6B7DCC9-DEA1-4011-8B45-564537494283}.Release|Any CPU.ActiveCfg = Release|Any CPU
		{E6B7DCC9-DEA1-4011-8B45-564537494283}.Release|Any CPU.Build.0 = Release|Any CPU
		{34DC95A4-B081-47FA-8F0E-3A71FCB45E38}.Debug|Any CPU.ActiveCfg = Debug|Any CPU
		{34DC95A4-B081-47FA-8F0E-3A71FCB45E38}.Debug|Any CPU.Build.0 = Debug|Any CPU
		{34DC95A4-B081-47FA-8F0E-3A71FCB45E38}.Release|Any CPU.ActiveCfg = Release|Any CPU
		{34DC95A4-B081-47FA-8F0E-3A71FCB45E38}.Release|Any CPU.Build.0 = Release|Any CPU
		{D2D886DC-8236-47E8-925D-93855A4F73C0}.Debug|Any CPU.ActiveCfg = Debug|Any CPU
		{D2D886DC-8236-47E8-925D-93855A4F73C0}.Debug|Any CPU.Build.0 = Debug|Any CPU
		{D2D886DC-8236-47E8-925D-93855A4F73C0}.Release|Any CPU.ActiveCfg = Release|Any CPU
		{D2D886DC-8236-47E8-925D-93855A4F73C0}.Release|Any CPU.Build.0 = Release|Any CPU
		{F93E6D3F-95C7-4E63-BE89-0AD81E8A2E7C}.Debug|Any CPU.ActiveCfg = Debug|Any CPU
		{F93E6D3F-95C7-4E63-BE89-0AD81E8A2E7C}.Debug|Any CPU.Build.0 = Debug|Any CPU
		{F93E6D3F-95C7-4E63-BE89-0AD81E8A2E7C}.Release|Any CPU.ActiveCfg = Release|Any CPU
		{F93E6D3F-95C7-4E63-BE89-0AD81E8A2E7C}.Release|Any CPU.Build.0 = Release|Any CPU
		{94ABF298-C26C-4642-99D8-B466C4B0A471}.Debug|Any CPU.ActiveCfg = Debug|Any CPU
		{94ABF298-C26C-4642-99D8-B466C4B0A471}.Debug|Any CPU.Build.0 = Debug|Any CPU
		{94ABF298-C26C-4642-99D8-B466C4B0A471}.Release|Any CPU.ActiveCfg = Release|Any CPU
		{94ABF298-C26C-4642-99D8-B466C4B0A471}.Release|Any CPU.Build.0 = Release|Any CPU
		{F9ED826A-3FC3-44B4-83CE-5D6B3CA6E59E}.Debug|Any CPU.ActiveCfg = Debug|Any CPU
		{F9ED826A-3FC3-44B4-83CE-5D6B3CA6E59E}.Debug|Any CPU.Build.0 = Debug|Any CPU
		{F9ED826A-3FC3-44B4-83CE-5D6B3CA6E59E}.Release|Any CPU.ActiveCfg = Release|Any CPU
		{F9ED826A-3FC3-44B4-83CE-5D6B3CA6E59E}.Release|Any CPU.Build.0 = Release|Any CPU
		{CD309E04-3C4D-45AA-B711-9729FB61DF4B}.Debug|Any CPU.ActiveCfg = Debug|Any CPU
		{CD309E04-3C4D-45AA-B711-9729FB61DF4B}.Debug|Any CPU.Build.0 = Debug|Any CPU
		{CD309E04-3C4D-45AA-B711-9729FB61DF4B}.Release|Any CPU.ActiveCfg = Release|Any CPU
		{CD309E04-3C4D-45AA-B711-9729FB61DF4B}.Release|Any CPU.Build.0 = Release|Any CPU
		{8B05A352-4658-4EF7-AAF7-79AA7AA20CB7}.Debug|Any CPU.ActiveCfg = Debug|Any CPU
		{8B05A352-4658-4EF7-AAF7-79AA7AA20CB7}.Debug|Any CPU.Build.0 = Debug|Any CPU
		{8B05A352-4658-4EF7-AAF7-79AA7AA20CB7}.Release|Any CPU.ActiveCfg = Release|Any CPU
		{8B05A352-4658-4EF7-AAF7-79AA7AA20CB7}.Release|Any CPU.Build.0 = Release|Any CPU
		{ED6E3198-1EC1-460A-BE60-B4B64566394B}.Debug|Any CPU.ActiveCfg = Debug|Any CPU
		{ED6E3198-1EC1-460A-BE60-B4B64566394B}.Debug|Any CPU.Build.0 = Debug|Any CPU
		{ED6E3198-1EC1-460A-BE60-B4B64566394B}.Release|Any CPU.ActiveCfg = Release|Any CPU
		{ED6E3198-1EC1-460A-BE60-B4B64566394B}.Release|Any CPU.Build.0 = Release|Any CPU
		{2902B7F9-787C-4B23-930E-151CDFEEAD69}.Debug|Any CPU.ActiveCfg = Debug|Any CPU
		{2902B7F9-787C-4B23-930E-151CDFEEAD69}.Debug|Any CPU.Build.0 = Debug|Any CPU
		{2902B7F9-787C-4B23-930E-151CDFEEAD69}.Release|Any CPU.ActiveCfg = Release|Any CPU
		{2902B7F9-787C-4B23-930E-151CDFEEAD69}.Release|Any CPU.Build.0 = Release|Any CPU
		{728C845A-1EA2-42B7-A316-D26FB580256C}.Debug|Any CPU.ActiveCfg = Debug|Any CPU
		{728C845A-1EA2-42B7-A316-D26FB580256C}.Debug|Any CPU.Build.0 = Debug|Any CPU
		{728C845A-1EA2-42B7-A316-D26FB580256C}.Release|Any CPU.ActiveCfg = Release|Any CPU
		{728C845A-1EA2-42B7-A316-D26FB580256C}.Release|Any CPU.Build.0 = Release|Any CPU
		{F0982F66-B0DE-46F5-AE9D-4AED9CC1CA7B}.Debug|Any CPU.ActiveCfg = Debug|Any CPU
		{F0982F66-B0DE-46F5-AE9D-4AED9CC1CA7B}.Debug|Any CPU.Build.0 = Debug|Any CPU
		{F0982F66-B0DE-46F5-AE9D-4AED9CC1CA7B}.Release|Any CPU.ActiveCfg = Release|Any CPU
		{F0982F66-B0DE-46F5-AE9D-4AED9CC1CA7B}.Release|Any CPU.Build.0 = Release|Any CPU
	EndGlobalSection
	GlobalSection(SolutionProperties) = preSolution
		HideSolutionNode = FALSE
	EndGlobalSection
	GlobalSection(ExtensibilityGlobals) = postSolution
		SolutionGuid = {34699ABA-6F56-4824-A792-B72D847DFF23}
	EndGlobalSection
EndGlobal
